{
  "name": "shared",
  "lockfileVersion": 3,
  "requires": true,
  "packages": {
    "": {
      "name": "shared",
      "dependencies": {
        "@directus/sdk": "^19.1.0"
      }
    },
    "node_modules/@directus/sdk": {
      "version": "19.1.0",
      "resolved": "https://registry.npmjs.org/@directus/sdk/-/sdk-19.1.0.tgz",
      "integrity": "sha512-Nqem9BsvvGyVtAa69mGPtoMoMVkZxdIREdsWvvTzNF4/1XqaFfEiFL7PhtUNfc46/Nufus2+QUKYQbNiAWe3ZA==",
      "license": "MIT",
      "engines": {
        "node": ">=22"
      },
      "funding": {
        "url": "https://github.com/directus/directus?sponsor=1"
      }
    }
  }
}
