{
  "name": "shared",
  "lockfileVersion": 3,
  "requires": true,
  "packages": {
    "": {
      "name": "shared",
      "dependencies": {
        "@directus/sdk": "^19.1.0",
        "dotenv": "^17.0.0"
      },
      "devDependencies": {
        "@types/node": "^24.0.7"
      }
    },
    "node_modules/@directus/sdk": {
      "version": "19.1.0",
      "resolved": "https://registry.npmjs.org/@directus/sdk/-/sdk-19.1.0.tgz",
      "integrity": "sha512-Nqem9BsvvGyVtAa69mGPtoMoMVkZxdIREdsWvvTzNF4/1XqaFfEiFL7PhtUNfc46/Nufus2+QUKYQbNiAWe3ZA==",
      "license": "MIT",
      "engines": {
        "node": ">=22"
      },
      "funding": {
        "url": "https://github.com/directus/directus?sponsor=1"
      }
    },
    "node_modules/@types/node": {
      "version": "24.0.7",
      "resolved": "https://registry.npmjs.org/@types/node/-/node-24.0.7.tgz",
      "integrity": "sha512-YIEUUr4yf8q8oQoXPpSlnvKNVKDQlPMWrmOcgzoduo7kvA2UF0/BwJ/eMKFTiTtkNL17I0M6Xe2tvwFU7be6iw==",
      "dev": true,
      "license": "MIT",
      "dependencies": {
        "undici-types": "~7.8.0"
      }
    },
    "node_modules/dotenv": {
      "version": "17.0.0",
      "resolved": "https://registry.npmjs.org/dotenv/-/dotenv-17.0.0.tgz",
      "integrity": "sha512-A0BJ5lrpJVSfnMMXjmeO0xUnoxqsBHWCoqqTnGwGYVdnctqXXUEhJOO7LxmgxJon9tEZFGpe0xPRX0h2v3AANQ==",
      "license": "BSD-2-Clause",
      "engines": {
        "node": ">=12"
      },
      "funding": {
        "url": "https://dotenvx.com"
      }
    },
    "node_modules/undici-types": {
      "version": "7.8.0",
      "resolved": "https://registry.npmjs.org/undici-types/-/undici-types-7.8.0.tgz",
      "integrity": "sha512-9UJ2xGDvQ43tYyVMpuHlsgApydB8ZKfVYTsLDhXkFL/6gfkp+U8xTGdh8pMJv1SpZna0zxG1DwsKZsreLbXBxw==",
      "dev": true,
      "license": "MIT"
    }
  }
}
